
Microsoft Visual Studio Solution File, Format Version 12.00
# Visual Studio Version 17
VisualStudioVersion = 17.9.34728.123
MinimumVisualStudioVersion = 10.0.40219.1
Project("{FAE04EC0-301F-11D3-BF4B-00C04F79EFBC}") = "AzureAIPlayground", "AzureAIPlayground.csproj", "{98772F7C-D896-4730-9F97-70E40541DD28}"
EndProject
Global
	GlobalSection(SolutionConfigurationPlatforms) = preSolution
		Debug|Any CPU = Debug|Any CPU
		Release|Any CPU = Release|Any CPU
	EndGlobalSection
	GlobalSection(ProjectConfigurationPlatforms) = postSolution
		{98772F7C-D896-4730-9F97-70E40541DD28}.Debug|Any CPU.ActiveCfg = Debug|Any CPU
		{98772F7C-D896-4730-9F97-70E40541DD28}.Debug|Any CPU.Build.0 = Debug|Any CPU
		{98772F7C-D896-4730-9F97-70E40541DD28}.Release|Any CPU.ActiveCfg = Release|Any CPU
		{98772F7C-D896-4730-9F97-70E40541DD28}.Release|Any CPU.Build.0 = Release|Any CPU
	EndGlobalSection
	GlobalSection(SolutionProperties) = preSolution
		HideSolutionNode = FALSE
	EndGlobalSection
	GlobalSection(ExtensibilityGlobals) = postSolution
		SolutionGuid = {C2C473DB-32B0-4B86-A41E-AC355C70BAE8}
	EndGlobalSection
EndGlobal
